
Microsoft Visual Studio Solution File, Format Version 12.00
# Visual Studio Version 16
VisualStudioVersion = 16.0.29411.108
MinimumVisualStudioVersion = 10.0.40219.1
Project("{FAE04EC0-301F-11D3-BF4B-00C04F79EFBC}") = "AutomationUnitTestProject", "AutomationUnitTestProject\AutomationUnitTestProject.csproj", "{9ACD6FF7-8335-4E16-9306-895A547B688A}"
EndProject
Global
	GlobalSection(SolutionConfigurationPlatforms) = preSolution
		Debug|Any CPU = Debug|Any CPU
		Release|Any CPU = Release|Any CPU
	EndGlobalSection
	GlobalSection(ProjectConfigurationPlatforms) = postSolution
		{9ACD6FF7-8335-4E16-9306-895A547B688A}.Debug|Any CPU.ActiveCfg = Debug|Any CPU
		{9ACD6FF7-8335-4E16-9306-895A547B688A}.Debug|Any CPU.Build.0 = Debug|Any CPU
		{9ACD6FF7-8335-4E16-9306-895A547B688A}.Release|Any CPU.ActiveCfg = Release|Any CPU
		{9ACD6FF7-8335-4E16-9306-895A547B688A}.Release|Any CPU.Build.0 = Release|Any CPU
	EndGlobalSection
	GlobalSection(SolutionProperties) = preSolution
		HideSolutionNode = FALSE
	EndGlobalSection
	GlobalSection(ExtensibilityGlobals) = postSolution
		SolutionGuid = {3A8242C0-138E-4759-B56B-E2E5637A4AC3}
	EndGlobalSection
EndGlobal
